{
  "nodes": {
    "home-manager": {
      "inputs": {
        "nixpkgs": "nixpkgs"
      },
      "locked": {
        "lastModified": 1726989464,
        "narHash": "sha256-Vl+WVTJwutXkimwGprnEtXc/s/s8sMuXzqXaspIGlwM=",
        "owner": "nix-community",
        "repo": "home-manager",
        "rev": "2f23fa308a7c067e52dfcc30a0758f47043ec176",
        "type": "github"
      },
      "original": {
        "owner": "nix-community",
        "ref": "release-24.05",
        "repo": "home-manager",
        "type": "github"
      }
    },
    "nixpkgs": {
      "locked": {
        "lastModified": 1716542732,
        "narHash": "sha256-0Y9fRr0CUqWT4KgBITmaGwlnNIGMYuydu2L8iLTfHU4=",
        "owner": "NixOS",
        "repo": "nixpkgs",
        "rev": "d12251ef6e8e6a46e05689eeccd595bdbd3c9e60",
        "type": "github"
      },
      "original": {
        "owner": "NixOS",
        "ref": "nixos-24.05",
        "repo": "nixpkgs",
        "type": "github"
      }
    },
    "nixpkgs_2": {
      "locked": {
        "lastModified": 1727540905,
        "narHash": "sha256-40J9tW7Y794J7Uw4GwcAKlMxlX2xISBl6IBigo83ih8=",
        "owner": "NixOS",
        "repo": "nixpkgs",
        "rev": "fbca5e745367ae7632731639de5c21f29c8744ed",
        "type": "github"
      },
      "original": {
        "id": "nixpkgs",
        "ref": "nixos-24.05",
        "type": "indirect"
      }
    },
    "root": {
      "inputs": {
        "home-manager": "home-manager",
        "nixpkgs": "nixpkgs_2"
      }
    }
  },
  "root": "root",
  "version": 7
}
