{
  "nodes": {
    "home-manager": {
      "inputs": {
        "nixpkgs": "nixpkgs"
      },
      "locked": {
        "lastModified": 1751810233,
        "narHash": "sha256-kllkNbIqQi3VplgTMeGzuh1t8Gk8TauvkTRt93Km+tQ=",
        "owner": "nix-community",
        "repo": "home-manager",
        "rev": "9b0873b46c9f9e4b7aa01eb634952c206af53068",
        "type": "github"
      },
      "original": {
        "owner": "nix-community",
        "ref": "release-25.05",
        "repo": "home-manager",
        "type": "github"
      }
    },
    "nixpkgs": {
      "locked": {
        "lastModified": 1751582995,
        "narHash": "sha256-u7ubvtxdTnFPpV27AHpgoKn7qHuE7sgWgza/1oj5nzA=",
        "owner": "NixOS",
        "repo": "nixpkgs",
        "rev": "7a732ed41ca0dd64b4b71b563ab9805a80a7d693",
        "type": "github"
      },
      "original": {
        "owner": "NixOS",
        "ref": "nixos-25.05",
        "repo": "nixpkgs",
        "type": "github"
      }
    },
    "nixpkgs_2": {
      "locked": {
        "lastModified": 1751943650,
        "narHash": "sha256-7orTnNqkGGru8Je6Un6mq1T8YVVU/O5kyW4+f9C1mZQ=",
        "owner": "NixOS",
        "repo": "nixpkgs",
        "rev": "88983d4b665fb491861005137ce2b11a9f89f203",
        "type": "github"
      },
      "original": {
        "id": "nixpkgs",
        "ref": "nixos-25.05",
        "type": "indirect"
      }
    },
    "root": {
      "inputs": {
        "home-manager": "home-manager",
        "nixpkgs": "nixpkgs_2"
      }
    }
  },
  "root": "root",
  "version": 7
}
